
Microsoft Visual Studio Solution File, Format Version 12.00
# Visual Studio Version 16
VisualStudioVersion = 16.0.31005.135
MinimumVisualStudioVersion = 10.0.40219.1
Project("{9A19103F-16F7-4668-BE54-9A1E7A4F7556}") = "AdressBook", "AdressBook.csproj", "{74B3B2FA-0EEC-4AAE-A2E0-9F94C930EA78}"
EndProject
Global
	GlobalSection(SolutionConfigurationPlatforms) = preSolution
		Debug|Any CPU = Debug|Any CPU
		Release|Any CPU = Release|Any CPU
	EndGlobalSection
	GlobalSection(ProjectConfigurationPlatforms) = postSolution
		{74B3B2FA-0EEC-4AAE-A2E0-9F94C930EA78}.Debug|Any CPU.ActiveCfg = Debug|Any CPU
		{74B3B2FA-0EEC-4AAE-A2E0-9F94C930EA78}.Debug|Any CPU.Build.0 = Debug|Any CPU
		{74B3B2FA-0EEC-4AAE-A2E0-9F94C930EA78}.Release|Any CPU.ActiveCfg = Release|Any CPU
		{74B3B2FA-0EEC-4AAE-A2E0-9F94C930EA78}.Release|Any CPU.Build.0 = Release|Any CPU
	EndGlobalSection
	GlobalSection(SolutionProperties) = preSolution
		HideSolutionNode = FALSE
	EndGlobalSection
	GlobalSection(ExtensibilityGlobals) = postSolution
		SolutionGuid = {3B633BF9-3216-46B2-9942-690B6F7102BA}
	EndGlobalSection
EndGlobal
